
Microsoft Visual Studio Solution File, Format Version 12.00
# Visual Studio Version 17
VisualStudioVersion = 17.4.33403.182
MinimumVisualStudioVersion = 10.0.40219.1
Project("{9A19103F-16F7-4668-BE54-9A1E7A4F7556}") = "Framework", "Framework\Framework\Framework.csproj", "{EF9F3D93-63A8-401E-8E69-008E0BA8F5B5}"
EndProject
Project("{9A19103F-16F7-4668-BE54-9A1E7A4F7556}") = "Framework.UnitTests", "Framework\Framework.UnitTests\Framework.UnitTests.csproj", "{ED70C465-CF91-40B6-A808-6D37B103C8C2}"
EndProject
Project("{9A19103F-16F7-4668-BE54-9A1E7A4F7556}") = "Framework.PubSubHub.Example", "Framework\Framework.PubSubHub.Example\Framework.PubSubHub.Example.csproj", "{1CB1CAD4-23EF-42EE-BD11-266469A6631F}"
EndProject
Project("{2150E333-8FDC-42A3-9474-1A3956D46DE8}") = "Solution Items", "Solution Items", "{A1FB9B30-FA61-4979-AE6E-6F5BD7A5C264}"
	ProjectSection(SolutionItems) = preProject
		readme.md = readme.md
		todo.md = todo.md
	EndProjectSection
EndProject
Project("{FAE04EC0-301F-11D3-BF4B-00C04F79EFBC}") = "Nazar", "Nazar\Nazar.csproj", "{B0CEA72D-1612-45DB-A600-9DDAD9D60003}"
EndProject
Global
	GlobalSection(SolutionConfigurationPlatforms) = preSolution
		Debug|Any CPU = Debug|Any CPU
		Release|Any CPU = Release|Any CPU
	EndGlobalSection
	GlobalSection(ProjectConfigurationPlatforms) = postSolution
		{EF9F3D93-63A8-401E-8E69-008E0BA8F5B5}.Debug|Any CPU.ActiveCfg = Debug|Any CPU
		{EF9F3D93-63A8-401E-8E69-008E0BA8F5B5}.Debug|Any CPU.Build.0 = Debug|Any CPU
		{EF9F3D93-63A8-401E-8E69-008E0BA8F5B5}.Release|Any CPU.ActiveCfg = Release|Any CPU
		{EF9F3D93-63A8-401E-8E69-008E0BA8F5B5}.Release|Any CPU.Build.0 = Release|Any CPU
		{ED70C465-CF91-40B6-A808-6D37B103C8C2}.Debug|Any CPU.ActiveCfg = Debug|Any CPU
		{ED70C465-CF91-40B6-A808-6D37B103C8C2}.Debug|Any CPU.Build.0 = Debug|Any CPU
		{ED70C465-CF91-40B6-A808-6D37B103C8C2}.Release|Any CPU.ActiveCfg = Release|Any CPU
		{ED70C465-CF91-40B6-A808-6D37B103C8C2}.Release|Any CPU.Build.0 = Release|Any CPU
		{1CB1CAD4-23EF-42EE-BD11-266469A6631F}.Debug|Any CPU.ActiveCfg = Debug|Any CPU
		{1CB1CAD4-23EF-42EE-BD11-266469A6631F}.Debug|Any CPU.Build.0 = Debug|Any CPU
		{1CB1CAD4-23EF-42EE-BD11-266469A6631F}.Release|Any CPU.ActiveCfg = Release|Any CPU
		{1CB1CAD4-23EF-42EE-BD11-266469A6631F}.Release|Any CPU.Build.0 = Release|Any CPU
		{B0CEA72D-1612-45DB-A600-9DDAD9D60003}.Debug|Any CPU.ActiveCfg = Debug|Any CPU
		{B0CEA72D-1612-45DB-A600-9DDAD9D60003}.Debug|Any CPU.Build.0 = Debug|Any CPU
		{B0CEA72D-1612-45DB-A600-9DDAD9D60003}.Release|Any CPU.ActiveCfg = Release|Any CPU
		{B0CEA72D-1612-45DB-A600-9DDAD9D60003}.Release|Any CPU.Build.0 = Release|Any CPU
	EndGlobalSection
	GlobalSection(SolutionProperties) = preSolution
		HideSolutionNode = FALSE
	EndGlobalSection
	GlobalSection(ExtensibilityGlobals) = postSolution
		SolutionGuid = {E9121A53-6957-471C-93A8-2955334B21D3}
	EndGlobalSection
EndGlobal
