
Microsoft Visual Studio Solution File, Format Version 12.00
# Visual Studio Version 17
VisualStudioVersion = 17.4.33403.182
MinimumVisualStudioVersion = 10.0.40219.1
Project("{9A19103F-16F7-4668-BE54-9A1E7A4F7556}") = "Nazar", "LauncherCrossPlatform\Nazar.csproj", "{81F2353A-F858-424B-8331-5C2F910EF9F0}"
EndProject
Project("{FAE04EC0-301F-11D3-BF4B-00C04F79EFBC}") = "SceneGraph", "SceneGraph\SceneGraph.csproj", "{05F5963B-86FF-4E91-BC57-AF86DA180889}"
EndProject
Global
	GlobalSection(SolutionConfigurationPlatforms) = preSolution
		Debug|Any CPU = Debug|Any CPU
		Release|Any CPU = Release|Any CPU
	EndGlobalSection
	GlobalSection(ProjectConfigurationPlatforms) = postSolution
		{81F2353A-F858-424B-8331-5C2F910EF9F0}.Debug|Any CPU.ActiveCfg = Debug|Any CPU
		{81F2353A-F858-424B-8331-5C2F910EF9F0}.Debug|Any CPU.Build.0 = Debug|Any CPU
		{81F2353A-F858-424B-8331-5C2F910EF9F0}.Release|Any CPU.ActiveCfg = Release|Any CPU
		{81F2353A-F858-424B-8331-5C2F910EF9F0}.Release|Any CPU.Build.0 = Release|Any CPU
		{05F5963B-86FF-4E91-BC57-AF86DA180889}.Debug|Any CPU.ActiveCfg = Debug|Any CPU
		{05F5963B-86FF-4E91-BC57-AF86DA180889}.Debug|Any CPU.Build.0 = Debug|Any CPU
		{05F5963B-86FF-4E91-BC57-AF86DA180889}.Release|Any CPU.ActiveCfg = Release|Any CPU
		{05F5963B-86FF-4E91-BC57-AF86DA180889}.Release|Any CPU.Build.0 = Release|Any CPU
	EndGlobalSection
	GlobalSection(SolutionProperties) = preSolution
		HideSolutionNode = FALSE
	EndGlobalSection
	GlobalSection(ExtensibilityGlobals) = postSolution
		SolutionGuid = {E9121A53-6957-471C-93A8-2955334B21D3}
	EndGlobalSection
EndGlobal
