
Microsoft Visual Studio Solution File, Format Version 12.00
# Visual Studio Version 17
VisualStudioVersion = 17.4.33403.182
MinimumVisualStudioVersion = 10.0.40219.1
Project("{2150E333-8FDC-42A3-9474-1A3956D46DE8}") = "Solution Items", "Solution Items", "{A1FB9B30-FA61-4979-AE6E-6F5BD7A5C264}"
	ProjectSection(SolutionItems) = preProject
		readme.md = readme.md
		todo.md = todo.md
	EndProjectSection
EndProject
Project("{2150E333-8FDC-42A3-9474-1A3956D46DE8}") = "Framework", "Framework", "{FE41EFA9-DF0A-42DF-A680-47509DDF0419}"
EndProject
Project("{2150E333-8FDC-42A3-9474-1A3956D46DE8}") = "Launchers", "Launchers", "{FB7BD873-0C52-4F1D-B54A-B677E24F5A14}"
EndProject
Project("{9A19103F-16F7-4668-BE54-9A1E7A4F7556}") = "Nazar.PubSubHub", "Framework\PubSubHub\Implementation\Nazar.PubSubHub.csproj", "{D9335451-6BBD-4AE4-92D8-AFC58132B4D8}"
EndProject
Project("{9A19103F-16F7-4668-BE54-9A1E7A4F7556}") = "Nazar.Framework", "Framework\AutonomousModule\Nazar.Framework.csproj", "{A7A0153C-A3E1-4F2A-9C76-1CB5318CFD36}"
EndProject
Project("{9A19103F-16F7-4668-BE54-9A1E7A4F7556}") = "Nazar.SceneGraph", "Framework\SceneGraph\Nazar.SceneGraph.csproj", "{277C9AE8-F8EA-4FD8-9E4E-D98567CCC8C7}"
EndProject
Project("{9A19103F-16F7-4668-BE54-9A1E7A4F7556}") = "Nazar.StepperManager", "Framework\StepperManager\Nazar.StepperManager.csproj", "{F19887C9-C635-42E7-906F-8A56F6218FE4}"
EndProject
Project("{9A19103F-16F7-4668-BE54-9A1E7A4F7556}") = "Nazar.Launcher.NetCore", "Launchers\NetCore\Nazar.Launcher.NetCore.csproj", "{3856FCB4-953E-4890-95D3-EFAA2AC7F909}"
EndProject
Project("{9A19103F-16F7-4668-BE54-9A1E7A4F7556}") = "Nazar.CoreModules", "Modules\CoreModules\Nazar.CoreModules.csproj", "{EAD49182-5D49-4772-8644-0D421EB4AA34}"
EndProject
Project("{2150E333-8FDC-42A3-9474-1A3956D46DE8}") = "Modules", "Modules", "{1B64C02C-9B68-419F-A997-04231C77BEF8}"
EndProject
Project("{9A19103F-16F7-4668-BE54-9A1E7A4F7556}") = "Nazar", "Nazar\Nazar.csproj", "{6446B87E-7F26-4FBC-909F-CCF77DBAC23F}"
EndProject
Project("{FAE04EC0-301F-11D3-BF4B-00C04F79EFBC}") = "Nazar.Launcher.Maui", "Nazar.Launcher.Maui\Nazar.Launcher.Maui.csproj", "{485FD144-6777-44D2-956F-535563B69E17}"
EndProject
Global
	GlobalSection(SolutionConfigurationPlatforms) = preSolution
		Debug|Any CPU = Debug|Any CPU
		Release|Any CPU = Release|Any CPU
	EndGlobalSection
	GlobalSection(ProjectConfigurationPlatforms) = postSolution
		{D9335451-6BBD-4AE4-92D8-AFC58132B4D8}.Debug|Any CPU.ActiveCfg = Debug|Any CPU
		{D9335451-6BBD-4AE4-92D8-AFC58132B4D8}.Debug|Any CPU.Build.0 = Debug|Any CPU
		{D9335451-6BBD-4AE4-92D8-AFC58132B4D8}.Release|Any CPU.ActiveCfg = Release|Any CPU
		{D9335451-6BBD-4AE4-92D8-AFC58132B4D8}.Release|Any CPU.Build.0 = Release|Any CPU
		{A7A0153C-A3E1-4F2A-9C76-1CB5318CFD36}.Debug|Any CPU.ActiveCfg = Debug|Any CPU
		{A7A0153C-A3E1-4F2A-9C76-1CB5318CFD36}.Debug|Any CPU.Build.0 = Debug|Any CPU
		{A7A0153C-A3E1-4F2A-9C76-1CB5318CFD36}.Release|Any CPU.ActiveCfg = Release|Any CPU
		{A7A0153C-A3E1-4F2A-9C76-1CB5318CFD36}.Release|Any CPU.Build.0 = Release|Any CPU
		{277C9AE8-F8EA-4FD8-9E4E-D98567CCC8C7}.Debug|Any CPU.ActiveCfg = Debug|Any CPU
		{277C9AE8-F8EA-4FD8-9E4E-D98567CCC8C7}.Debug|Any CPU.Build.0 = Debug|Any CPU
		{277C9AE8-F8EA-4FD8-9E4E-D98567CCC8C7}.Release|Any CPU.ActiveCfg = Release|Any CPU
		{277C9AE8-F8EA-4FD8-9E4E-D98567CCC8C7}.Release|Any CPU.Build.0 = Release|Any CPU
		{F19887C9-C635-42E7-906F-8A56F6218FE4}.Debug|Any CPU.ActiveCfg = Debug|Any CPU
		{F19887C9-C635-42E7-906F-8A56F6218FE4}.Debug|Any CPU.Build.0 = Debug|Any CPU
		{F19887C9-C635-42E7-906F-8A56F6218FE4}.Release|Any CPU.ActiveCfg = Release|Any CPU
		{F19887C9-C635-42E7-906F-8A56F6218FE4}.Release|Any CPU.Build.0 = Release|Any CPU
		{3856FCB4-953E-4890-95D3-EFAA2AC7F909}.Debug|Any CPU.ActiveCfg = Debug|Any CPU
		{3856FCB4-953E-4890-95D3-EFAA2AC7F909}.Debug|Any CPU.Build.0 = Debug|Any CPU
		{3856FCB4-953E-4890-95D3-EFAA2AC7F909}.Release|Any CPU.ActiveCfg = Release|Any CPU
		{3856FCB4-953E-4890-95D3-EFAA2AC7F909}.Release|Any CPU.Build.0 = Release|Any CPU
		{EAD49182-5D49-4772-8644-0D421EB4AA34}.Debug|Any CPU.ActiveCfg = Debug|Any CPU
		{EAD49182-5D49-4772-8644-0D421EB4AA34}.Debug|Any CPU.Build.0 = Debug|Any CPU
		{EAD49182-5D49-4772-8644-0D421EB4AA34}.Release|Any CPU.ActiveCfg = Release|Any CPU
		{EAD49182-5D49-4772-8644-0D421EB4AA34}.Release|Any CPU.Build.0 = Release|Any CPU
		{6446B87E-7F26-4FBC-909F-CCF77DBAC23F}.Debug|Any CPU.ActiveCfg = Debug|Any CPU
		{6446B87E-7F26-4FBC-909F-CCF77DBAC23F}.Debug|Any CPU.Build.0 = Debug|Any CPU
		{6446B87E-7F26-4FBC-909F-CCF77DBAC23F}.Release|Any CPU.ActiveCfg = Release|Any CPU
		{6446B87E-7F26-4FBC-909F-CCF77DBAC23F}.Release|Any CPU.Build.0 = Release|Any CPU
		{485FD144-6777-44D2-956F-535563B69E17}.Debug|Any CPU.ActiveCfg = Debug|Any CPU
		{485FD144-6777-44D2-956F-535563B69E17}.Debug|Any CPU.Build.0 = Debug|Any CPU
		{485FD144-6777-44D2-956F-535563B69E17}.Release|Any CPU.ActiveCfg = Release|Any CPU
		{485FD144-6777-44D2-956F-535563B69E17}.Release|Any CPU.Build.0 = Release|Any CPU
	EndGlobalSection
	GlobalSection(SolutionProperties) = preSolution
		HideSolutionNode = FALSE
	EndGlobalSection
	GlobalSection(NestedProjects) = preSolution
		{D9335451-6BBD-4AE4-92D8-AFC58132B4D8} = {FE41EFA9-DF0A-42DF-A680-47509DDF0419}
		{A7A0153C-A3E1-4F2A-9C76-1CB5318CFD36} = {FE41EFA9-DF0A-42DF-A680-47509DDF0419}
		{277C9AE8-F8EA-4FD8-9E4E-D98567CCC8C7} = {FE41EFA9-DF0A-42DF-A680-47509DDF0419}
		{F19887C9-C635-42E7-906F-8A56F6218FE4} = {FE41EFA9-DF0A-42DF-A680-47509DDF0419}
		{3856FCB4-953E-4890-95D3-EFAA2AC7F909} = {FB7BD873-0C52-4F1D-B54A-B677E24F5A14}
		{EAD49182-5D49-4772-8644-0D421EB4AA34} = {1B64C02C-9B68-419F-A997-04231C77BEF8}
		{485FD144-6777-44D2-956F-535563B69E17} = {FB7BD873-0C52-4F1D-B54A-B677E24F5A14}
	EndGlobalSection
	GlobalSection(ExtensibilityGlobals) = postSolution
		SolutionGuid = {E9121A53-6957-471C-93A8-2955334B21D3}
	EndGlobalSection
EndGlobal
